
Microsoft Visual Studio Solution File, Format Version 12.00
# Visual Studio Version 17
VisualStudioVersion = 17.11.35303.130
MinimumVisualStudioVersion = 10.0.40219.1
Project("{FAE04EC0-301F-11D3-BF4B-00C04F79EFBC}") = "face ting2.0", "face ting2.0\face ting2.0.csproj", "{20BE9F27-54D7-4144-BD38-261FD6AF8E4D}"
EndProject
Global
	GlobalSection(SolutionConfigurationPlatforms) = preSolution
		Debug|Any CPU = Debug|Any CPU
		Release|Any CPU = Release|Any CPU
	EndGlobalSection
	GlobalSection(ProjectConfigurationPlatforms) = postSolution
		{20BE9F27-54D7-4144-BD38-261FD6AF8E4D}.Debug|Any CPU.ActiveCfg = Debug|Any CPU
		{20BE9F27-54D7-4144-BD38-261FD6AF8E4D}.Debug|Any CPU.Build.0 = Debug|Any CPU
		{20BE9F27-54D7-4144-BD38-261FD6AF8E4D}.Release|Any CPU.ActiveCfg = Release|Any CPU
		{20BE9F27-54D7-4144-BD38-261FD6AF8E4D}.Release|Any CPU.Build.0 = Release|Any CPU
	EndGlobalSection
	GlobalSection(SolutionProperties) = preSolution
		HideSolutionNode = FALSE
	EndGlobalSection
	GlobalSection(ExtensibilityGlobals) = postSolution
		SolutionGuid = {A8440A96-6898-466A-88DB-364584599FC5}
	EndGlobalSection
EndGlobal
